// !$*UTF8*$!
{
	archiveVersion = 1;
	classes = {
	};
	objectVersion = 50;
	objects = {

/* Begin PBXBuildFile section */
		5E095950228D1402004898D7 /* TestTriangleMetalTMVertex.h in Sources */ = {isa = PBXBuildFile; fileRef = 5EFF05BC228D11480041CC4F /* TestTriangleMetalTMVertex.h */; };
		5E095951228D147F004898D7 /* CodeSet-Bridging-Header.h in Sources */ = {isa = PBXBuildFile; fileRef = 5EC15FCC21E5A57900E578C8 /* CodeSet-Bridging-Header.h */; };
		5E095954228D4173004898D7 /* TestBufferTextureMetalView.swift in Sources */ = {isa = PBXBuildFile; fileRef = 5E095953228D4173004898D7 /* TestBufferTextureMetalView.swift */; };
		5E09595C228D7234004898D7 /* lena.png in Resources */ = {isa = PBXBuildFile; fileRef = 5E09595B228D7234004898D7 /* lena.png */; };
		5E09595E228D760B004898D7 /* TestBufferTextureMetalTMVertex.h in Sources */ = {isa = PBXBuildFile; fileRef = 5E09595D228D75C2004898D7 /* TestBufferTextureMetalTMVertex.h */; };
		5E095960228D7F58004898D7 /* TestBufferTextureShaders.metal in Sources */ = {isa = PBXBuildFile; fileRef = 5E095955228D48D5004898D7 /* TestBufferTextureShaders.metal */; };
		5E54172521771EFB00732DB4 /* AppDelegate.swift in Sources */ = {isa = PBXBuildFile; fileRef = 5E54172421771EFB00732DB4 /* AppDelegate.swift */; };
		5E54172721771EFB00732DB4 /* ViewController.swift in Sources */ = {isa = PBXBuildFile; fileRef = 5E54172621771EFB00732DB4 /* ViewController.swift */; };
		5E54172C21771EFD00732DB4 /* Assets.xcassets in Resources */ = {isa = PBXBuildFile; fileRef = 5E54172B21771EFD00732DB4 /* Assets.xcassets */; };
		5E54172F21771EFD00732DB4 /* LaunchScreen.storyboard in Resources */ = {isa = PBXBuildFile; fileRef = 5E54172D21771EFD00732DB4 /* LaunchScreen.storyboard */; };
		5EC15FCF21E5A57B00E578C8 /* NSDate+BPExtension.m in Sources */ = {isa = PBXBuildFile; fileRef = 5EC15FCD21E5A57A00E578C8 /* NSDate+BPExtension.m */; };
		5EE4863F22A0F91A00823273 /* QRCodeView.swift in Sources */ = {isa = PBXBuildFile; fileRef = 5EE4863E22A0F91A00823273 /* QRCodeView.swift */; };
		5EFF05AB228CFC360041CC4F /* MetalClearScreenController.swift in Sources */ = {isa = PBXBuildFile; fileRef = 5EFF05AA228CFC360041CC4F /* MetalClearScreenController.swift */; };
		5EFF05AE228D01EB0041CC4F /* QuartzCore.framework in Frameworks */ = {isa = PBXBuildFile; fileRef = 5EFF05AD228D01EB0041CC4F /* QuartzCore.framework */; };
		5EFF05B1228D0B830041CC4F /* TestClearMetalView.swift in Sources */ = {isa = PBXBuildFile; fileRef = 5EFF05B0228D0B830041CC4F /* TestClearMetalView.swift */; };
		5EFF05B3228D0C530041CC4F /* Metal.framework in Frameworks */ = {isa = PBXBuildFile; fileRef = 5EFF05B2228D0C530041CC4F /* Metal.framework */; };
		5EFF05B5228D0CBD0041CC4F /* TestTriangleMetalView.swift in Sources */ = {isa = PBXBuildFile; fileRef = 5EFF05B4228D0CBD0041CC4F /* TestTriangleMetalView.swift */; };
		5EFF05B7228D0D150041CC4F /* Define.swift in Sources */ = {isa = PBXBuildFile; fileRef = 5EFF05B6228D0D150041CC4F /* Define.swift */; };
		CF8AA6F3225A689800C4D946 /* ImageView矩阵映射.png in Resources */ = {isa = PBXBuildFile; fileRef = CF8AA6F1225A689800C4D946 /* ImageView矩阵映射.png */; };
		CF8AA6F4225A689800C4D946 /* Label矩阵映射.png in Resources */ = {isa = PBXBuildFile; fileRef = CF8AA6F2225A689800C4D946 /* Label矩阵映射.png */; };
		CFE5EFBC228DD9D50089BBAC /* GPUImage.framework in Frameworks */ = {isa = PBXBuildFile; fileRef = CFE5EFBB228DD9D50089BBAC /* GPUImage.framework */; };
/* End PBXBuildFile section */

/* Begin PBXFileReference section */
		5E095953228D4173004898D7 /* TestBufferTextureMetalView.swift */ = {isa = PBXFileReference; lastKnownFileType = sourcecode.swift; path = TestBufferTextureMetalView.swift; sourceTree = "<group>"; };
		5E095955228D48D5004898D7 /* TestBufferTextureShaders.metal */ = {isa = PBXFileReference; lastKnownFileType = sourcecode.metal; path = TestBufferTextureShaders.metal; sourceTree = "<group>"; };
		5E09595B228D7234004898D7 /* lena.png */ = {isa = PBXFileReference; lastKnownFileType = image.png; path = lena.png; sourceTree = "<group>"; };
		5E09595D228D75C2004898D7 /* TestBufferTextureMetalTMVertex.h */ = {isa = PBXFileReference; lastKnownFileType = sourcecode.c.h; path = TestBufferTextureMetalTMVertex.h; sourceTree = "<group>"; };
		5E09F9C5218AD19B00D0DC5C /* PriceString.playground */ = {isa = PBXFileReference; lastKnownFileType = file.playground; path = PriceString.playground; sourceTree = "<group>"; xcLanguageSpecificationIdentifier = xcode.lang.swift; };
		5E54172121771EFB00732DB4 /* CodeSet.app */ = {isa = PBXFileReference; explicitFileType = wrapper.application; includeInIndex = 0; path = CodeSet.app; sourceTree = BUILT_PRODUCTS_DIR; };
		5E54172421771EFB00732DB4 /* AppDelegate.swift */ = {isa = PBXFileReference; lastKnownFileType = sourcecode.swift; path = AppDelegate.swift; sourceTree = "<group>"; };
		5E54172621771EFB00732DB4 /* ViewController.swift */ = {isa = PBXFileReference; lastKnownFileType = sourcecode.swift; path = ViewController.swift; sourceTree = "<group>"; };
		5E54172B21771EFD00732DB4 /* Assets.xcassets */ = {isa = PBXFileReference; lastKnownFileType = folder.assetcatalog; path = Assets.xcassets; sourceTree = "<group>"; };
		5E54172E21771EFD00732DB4 /* Base */ = {isa = PBXFileReference; lastKnownFileType = file.storyboard; name = Base; path = Base.lproj/LaunchScreen.storyboard; sourceTree = "<group>"; };
		5E54173021771EFD00732DB4 /* Info.plist */ = {isa = PBXFileReference; lastKnownFileType = text.plist.xml; path = Info.plist; sourceTree = "<group>"; };
		5E54173621771F1D00732DB4 /* DateTimer.playground */ = {isa = PBXFileReference; lastKnownFileType = file.playground; path = DateTimer.playground; sourceTree = "<group>"; xcLanguageSpecificationIdentifier = xcode.lang.swift; };
		5E5417372177242900732DB4 /* AnimationSet.playground */ = {isa = PBXFileReference; lastKnownFileType = file.playground; path = AnimationSet.playground; sourceTree = "<group>"; xcLanguageSpecificationIdentifier = xcode.lang.swift; };
		5EC15FCC21E5A57900E578C8 /* CodeSet-Bridging-Header.h */ = {isa = PBXFileReference; lastKnownFileType = sourcecode.c.h; path = "CodeSet-Bridging-Header.h"; sourceTree = "<group>"; };
		5EC15FCD21E5A57A00E578C8 /* NSDate+BPExtension.m */ = {isa = PBXFileReference; fileEncoding = 4; lastKnownFileType = sourcecode.c.objc; path = "NSDate+BPExtension.m"; sourceTree = "<group>"; };
		5EC15FCE21E5A57A00E578C8 /* NSDate+BPExtension.h */ = {isa = PBXFileReference; fileEncoding = 4; lastKnownFileType = sourcecode.c.h; path = "NSDate+BPExtension.h"; sourceTree = "<group>"; };
		5EE4863E22A0F91A00823273 /* QRCodeView.swift */ = {isa = PBXFileReference; fileEncoding = 4; lastKnownFileType = sourcecode.swift; path = QRCodeView.swift; sourceTree = "<group>"; };
		5EFF05AA228CFC360041CC4F /* MetalClearScreenController.swift */ = {isa = PBXFileReference; lastKnownFileType = sourcecode.swift; path = MetalClearScreenController.swift; sourceTree = "<group>"; };
		5EFF05AD228D01EB0041CC4F /* QuartzCore.framework */ = {isa = PBXFileReference; lastKnownFileType = wrapper.framework; name = QuartzCore.framework; path = System/Library/Frameworks/QuartzCore.framework; sourceTree = SDKROOT; };
		5EFF05B0228D0B830041CC4F /* TestClearMetalView.swift */ = {isa = PBXFileReference; lastKnownFileType = sourcecode.swift; path = TestClearMetalView.swift; sourceTree = "<group>"; };
		5EFF05B2228D0C530041CC4F /* Metal.framework */ = {isa = PBXFileReference; lastKnownFileType = wrapper.framework; name = Metal.framework; path = System/Library/Frameworks/Metal.framework; sourceTree = SDKROOT; };
		5EFF05B4228D0CBD0041CC4F /* TestTriangleMetalView.swift */ = {isa = PBXFileReference; lastKnownFileType = sourcecode.swift; path = TestTriangleMetalView.swift; sourceTree = "<group>"; };
		5EFF05B6228D0D150041CC4F /* Define.swift */ = {isa = PBXFileReference; fileEncoding = 4; lastKnownFileType = sourcecode.swift; path = Define.swift; sourceTree = "<group>"; };
		5EFF05BA228D10FC0041CC4F /* TestTriangleShaders.metal */ = {isa = PBXFileReference; lastKnownFileType = sourcecode.metal; path = TestTriangleShaders.metal; sourceTree = "<group>"; };
		5EFF05BC228D11480041CC4F /* TestTriangleMetalTMVertex.h */ = {isa = PBXFileReference; lastKnownFileType = sourcecode.c.h; path = TestTriangleMetalTMVertex.h; sourceTree = "<group>"; };
		CF8AA6F1225A689800C4D946 /* ImageView矩阵映射.png */ = {isa = PBXFileReference; lastKnownFileType = image.png; path = "ImageView矩阵映射.png"; sourceTree = "<group>"; };
		CF8AA6F2225A689800C4D946 /* Label矩阵映射.png */ = {isa = PBXFileReference; lastKnownFileType = image.png; path = "Label矩阵映射.png"; sourceTree = "<group>"; };
		CF8AA6F6225A695A00C4D946 /* 1.TwoSum.playground */ = {isa = PBXFileReference; lastKnownFileType = file.playground; path = 1.TwoSum.playground; sourceTree = "<group>"; xcLanguageSpecificationIdentifier = xcode.lang.swift; };
		CFE5EFBB228DD9D50089BBAC /* GPUImage.framework */ = {isa = PBXFileReference; lastKnownFileType = wrapper.framework; path = GPUImage.framework; sourceTree = "<group>"; };
/* End PBXFileReference section */

/* Begin PBXFrameworksBuildPhase section */
		5E54171E21771EFB00732DB4 /* Frameworks */ = {
			isa = PBXFrameworksBuildPhase;
			buildActionMask = 2147483647;
			files = (
				5EFF05B3228D0C530041CC4F /* Metal.framework in Frameworks */,
				5EFF05AE228D01EB0041CC4F /* QuartzCore.framework in Frameworks */,
				CFE5EFBC228DD9D50089BBAC /* GPUImage.framework in Frameworks */,
			);
			runOnlyForDeploymentPostprocessing = 0;
		};
/* End PBXFrameworksBuildPhase section */

/* Begin PBXGroup section */
		5E095952228D414E004898D7 /* BufferTexture */ = {
			isa = PBXGroup;
			children = (
				5E09595B228D7234004898D7 /* lena.png */,
				5E095953228D4173004898D7 /* TestBufferTextureMetalView.swift */,
				5E09595D228D75C2004898D7 /* TestBufferTextureMetalTMVertex.h */,
				5E095955228D48D5004898D7 /* TestBufferTextureShaders.metal */,
			);
			path = BufferTexture;
			sourceTree = "<group>";
		};
		5E54171821771EFB00732DB4 = {
			isa = PBXGroup;
			children = (
				5E54172321771EFB00732DB4 /* CodeSet */,
				5E54172221771EFB00732DB4 /* Products */,
				5EFF05AC228D01EB0041CC4F /* Frameworks */,
			);
			sourceTree = "<group>";
		};
		5E54172221771EFB00732DB4 /* Products */ = {
			isa = PBXGroup;
			children = (
				5E54172121771EFB00732DB4 /* CodeSet.app */,
			);
			name = Products;
			sourceTree = "<group>";
		};
		5E54172321771EFB00732DB4 /* CodeSet */ = {
			isa = PBXGroup;
			children = (
				5E757ED02287094A00E6C75A /* Metal */,
				CF8AA6F5225A68D100C4D946 /* LeetCode */,
				CF8AA6F0225A689800C4D946 /* Transform矩阵 */,
				5EE4863D22A0F91300823273 /* ViewSet */,
				5EE4864022A0F92B00823273 /* PlaygroundSet */,
				5EE4864122A0F94700823273 /* ExtensionSet */,
				5E54172421771EFB00732DB4 /* AppDelegate.swift */,
				5E54172621771EFB00732DB4 /* ViewController.swift */,
				5EFF05B6228D0D150041CC4F /* Define.swift */,
				5E54172B21771EFD00732DB4 /* Assets.xcassets */,
				5E54172D21771EFD00732DB4 /* LaunchScreen.storyboard */,
				5E54173021771EFD00732DB4 /* Info.plist */,
				5EC15FCC21E5A57900E578C8 /* CodeSet-Bridging-Header.h */,
			);
			path = CodeSet;
			sourceTree = "<group>";
		};
		5E757ED02287094A00E6C75A /* Metal */ = {
			isa = PBXGroup;
			children = (
				CFE5EFBB228DD9D50089BBAC /* GPUImage.framework */,
				5EFF05AA228CFC360041CC4F /* MetalClearScreenController.swift */,
				5EFF05AF228D0B700041CC4F /* Views */,
			);
			path = Metal;
			sourceTree = "<group>";
		};
		5EE4863D22A0F91300823273 /* ViewSet */ = {
			isa = PBXGroup;
			children = (
				5EE4863E22A0F91A00823273 /* QRCodeView.swift */,
			);
			path = ViewSet;
			sourceTree = "<group>";
		};
		5EE4864022A0F92B00823273 /* PlaygroundSet */ = {
			isa = PBXGroup;
			children = (
				5E54173621771F1D00732DB4 /* DateTimer.playground */,
				5E5417372177242900732DB4 /* AnimationSet.playground */,
				5E09F9C5218AD19B00D0DC5C /* PriceString.playground */,
			);
			path = PlaygroundSet;
			sourceTree = "<group>";
		};
		5EE4864122A0F94700823273 /* ExtensionSet */ = {
			isa = PBXGroup;
			children = (
				5EC15FCE21E5A57A00E578C8 /* NSDate+BPExtension.h */,
				5EC15FCD21E5A57A00E578C8 /* NSDate+BPExtension.m */,
			);
			path = ExtensionSet;
			sourceTree = "<group>";
		};
		5EFF05AC228D01EB0041CC4F /* Frameworks */ = {
			isa = PBXGroup;
			children = (
				5EFF05B2228D0C530041CC4F /* Metal.framework */,
				5EFF05AD228D01EB0041CC4F /* QuartzCore.framework */,
			);
			name = Frameworks;
			sourceTree = "<group>";
		};
		5EFF05AF228D0B700041CC4F /* Views */ = {
			isa = PBXGroup;
			children = (
				5EFF05B8228D10CE0041CC4F /* Clear */,
				5EFF05B9228D10DE0041CC4F /* Triangle */,
				5E095952228D414E004898D7 /* BufferTexture */,
				CFE5EFBD228DDA0A0089BBAC /* GPUImage */,
			);
			path = Views;
			sourceTree = "<group>";
		};
		5EFF05B8228D10CE0041CC4F /* Clear */ = {
			isa = PBXGroup;
			children = (
				5EFF05B0228D0B830041CC4F /* TestClearMetalView.swift */,
			);
			path = Clear;
			sourceTree = "<group>";
		};
		5EFF05B9228D10DE0041CC4F /* Triangle */ = {
			isa = PBXGroup;
			children = (
				5EFF05B4228D0CBD0041CC4F /* TestTriangleMetalView.swift */,
				5EFF05BC228D11480041CC4F /* TestTriangleMetalTMVertex.h */,
				5EFF05BA228D10FC0041CC4F /* TestTriangleShaders.metal */,
			);
			path = Triangle;
			sourceTree = "<group>";
		};
		CF8AA6F0225A689800C4D946 /* Transform矩阵 */ = {
			isa = PBXGroup;
			children = (
				CF8AA6F1225A689800C4D946 /* ImageView矩阵映射.png */,
				CF8AA6F2225A689800C4D946 /* Label矩阵映射.png */,
			);
			path = "Transform矩阵";
			sourceTree = "<group>";
		};
		CF8AA6F5225A68D100C4D946 /* LeetCode */ = {
			isa = PBXGroup;
			children = (
				CF8AA6F6225A695A00C4D946 /* 1.TwoSum.playground */,
			);
			path = LeetCode;
			sourceTree = "<group>";
		};
		CFE5EFBD228DDA0A0089BBAC /* GPUImage */ = {
			isa = PBXGroup;
			children = (
			);
			path = GPUImage;
			sourceTree = "<group>";
		};
/* End PBXGroup section */

/* Begin PBXNativeTarget section */
		5E54172021771EFB00732DB4 /* CodeSet */ = {
			isa = PBXNativeTarget;
			buildConfigurationList = 5E54173321771EFD00732DB4 /* Build configuration list for PBXNativeTarget "CodeSet" */;
			buildPhases = (
				5E54171D21771EFB00732DB4 /* Sources */,
				5E54171E21771EFB00732DB4 /* Frameworks */,
				5E54171F21771EFB00732DB4 /* Resources */,
			);
			buildRules = (
			);
			dependencies = (
			);
			name = CodeSet;
			productName = CodeSet;
			productReference = 5E54172121771EFB00732DB4 /* CodeSet.app */;
			productType = "com.apple.product-type.application";
		};
/* End PBXNativeTarget section */

/* Begin PBXProject section */
		5E54171921771EFB00732DB4 /* Project object */ = {
			isa = PBXProject;
			attributes = {
				LastSwiftUpdateCheck = 1000;
				LastUpgradeCheck = 1000;
				ORGANIZATIONNAME = LangFZ;
				TargetAttributes = {
					5E54172021771EFB00732DB4 = {
						CreatedOnToolsVersion = 10.0;
						LastSwiftMigration = 1010;
					};
				};
			};
			buildConfigurationList = 5E54171C21771EFB00732DB4 /* Build configuration list for PBXProject "CodeSet" */;
			compatibilityVersion = "Xcode 9.3";
			developmentRegion = en;
			hasScannedForEncodings = 0;
			knownRegions = (
				en,
				Base,
			);
			mainGroup = 5E54171821771EFB00732DB4;
			productRefGroup = 5E54172221771EFB00732DB4 /* Products */;
			projectDirPath = "";
			projectRoot = "";
			targets = (
				5E54172021771EFB00732DB4 /* CodeSet */,
			);
		};
/* End PBXProject section */

/* Begin PBXResourcesBuildPhase section */
		5E54171F21771EFB00732DB4 /* Resources */ = {
			isa = PBXResourcesBuildPhase;
			buildActionMask = 2147483647;
			files = (
				CF8AA6F3225A689800C4D946 /* ImageView矩阵映射.png in Resources */,
				5E09595C228D7234004898D7 /* lena.png in Resources */,
				5E54172F21771EFD00732DB4 /* LaunchScreen.storyboard in Resources */,
				5E54172C21771EFD00732DB4 /* Assets.xcassets in Resources */,
				CF8AA6F4225A689800C4D946 /* Label矩阵映射.png in Resources */,
			);
			runOnlyForDeploymentPostprocessing = 0;
		};
/* End PBXResourcesBuildPhase section */

/* Begin PBXSourcesBuildPhase section */
		5E54171D21771EFB00732DB4 /* Sources */ = {
			isa = PBXSourcesBuildPhase;
			buildActionMask = 2147483647;
			files = (
				5E09595E228D760B004898D7 /* TestBufferTextureMetalTMVertex.h in Sources */,
				5E095960228D7F58004898D7 /* TestBufferTextureShaders.metal in Sources */,
				5E095951228D147F004898D7 /* CodeSet-Bridging-Header.h in Sources */,
				5E095950228D1402004898D7 /* TestTriangleMetalTMVertex.h in Sources */,
				5E54172721771EFB00732DB4 /* ViewController.swift in Sources */,
				5EE4863F22A0F91A00823273 /* QRCodeView.swift in Sources */,
				5EFF05B1228D0B830041CC4F /* TestClearMetalView.swift in Sources */,
				5EC15FCF21E5A57B00E578C8 /* NSDate+BPExtension.m in Sources */,
				5E095954228D4173004898D7 /* TestBufferTextureMetalView.swift in Sources */,
				5EFF05AB228CFC360041CC4F /* MetalClearScreenController.swift in Sources */,
				5EFF05B5228D0CBD0041CC4F /* TestTriangleMetalView.swift in Sources */,
				5E54172521771EFB00732DB4 /* AppDelegate.swift in Sources */,
				5EFF05B7228D0D150041CC4F /* Define.swift in Sources */,
			);
			runOnlyForDeploymentPostprocessing = 0;
		};
/* End PBXSourcesBuildPhase section */

/* Begin PBXVariantGroup section */
		5E54172D21771EFD00732DB4 /* LaunchScreen.storyboard */ = {
			isa = PBXVariantGroup;
			children = (
				5E54172E21771EFD00732DB4 /* Base */,
			);
			name = LaunchScreen.storyboard;
			sourceTree = "<group>";
		};
/* End PBXVariantGroup section */

/* Begin XCBuildConfiguration section */
		5E54173121771EFD00732DB4 /* Debug */ = {
			isa = XCBuildConfiguration;
			buildSettings = {
				ALWAYS_SEARCH_USER_PATHS = NO;
				CLANG_ANALYZER_NONNULL = YES;
				CLANG_ANALYZER_NUMBER_OBJECT_CONVERSION = YES_AGGRESSIVE;
				CLANG_CXX_LANGUAGE_STANDARD = "gnu++14";
				CLANG_CXX_LIBRARY = "libc++";
				CLANG_ENABLE_MODULES = YES;
				CLANG_ENABLE_OBJC_ARC = YES;
				CLANG_ENABLE_OBJC_WEAK = YES;
				CLANG_WARN_BLOCK_CAPTURE_AUTORELEASING = YES;
				CLANG_WARN_BOOL_CONVERSION = YES;
				CLANG_WARN_COMMA = YES;
				CLANG_WARN_CONSTANT_CONVERSION = YES;
				CLANG_WARN_DEPRECATED_OBJC_IMPLEMENTATIONS = YES;
				CLANG_WARN_DIRECT_OBJC_ISA_USAGE = YES_ERROR;
				CLANG_WARN_DOCUMENTATION_COMMENTS = YES;
				CLANG_WARN_EMPTY_BODY = YES;
				CLANG_WARN_ENUM_CONVERSION = YES;
				CLANG_WARN_INFINITE_RECURSION = YES;
				CLANG_WARN_INT_CONVERSION = YES;
				CLANG_WARN_NON_LITERAL_NULL_CONVERSION = YES;
				CLANG_WARN_OBJC_IMPLICIT_RETAIN_SELF = YES;
				CLANG_WARN_OBJC_LITERAL_CONVERSION = YES;
				CLANG_WARN_OBJC_ROOT_CLASS = YES_ERROR;
				CLANG_WARN_RANGE_LOOP_ANALYSIS = YES;
				CLANG_WARN_STRICT_PROTOTYPES = YES;
				CLANG_WARN_SUSPICIOUS_MOVE = YES;
				CLANG_WARN_UNGUARDED_AVAILABILITY = YES_AGGRESSIVE;
				CLANG_WARN_UNREACHABLE_CODE = YES;
				CLANG_WARN__DUPLICATE_METHOD_MATCH = YES;
				CODE_SIGN_IDENTITY = "iPhone Developer";
				COPY_PHASE_STRIP = NO;
				DEBUG_INFORMATION_FORMAT = dwarf;
				ENABLE_STRICT_OBJC_MSGSEND = YES;
				ENABLE_TESTABILITY = YES;
				GCC_C_LANGUAGE_STANDARD = gnu11;
				GCC_DYNAMIC_NO_PIC = NO;
				GCC_NO_COMMON_BLOCKS = YES;
				GCC_OPTIMIZATION_LEVEL = 0;
				GCC_PREPROCESSOR_DEFINITIONS = (
					"DEBUG=1",
					"$(inherited)",
				);
				GCC_WARN_64_TO_32_BIT_CONVERSION = YES;
				GCC_WARN_ABOUT_RETURN_TYPE = YES_ERROR;
				GCC_WARN_UNDECLARED_SELECTOR = YES;
				GCC_WARN_UNINITIALIZED_AUTOS = YES_AGGRESSIVE;
				GCC_WARN_UNUSED_FUNCTION = YES;
				GCC_WARN_UNUSED_VARIABLE = YES;
				IPHONEOS_DEPLOYMENT_TARGET = 12.0;
				MTL_ENABLE_DEBUG_INFO = INCLUDE_SOURCE;
				MTL_FAST_MATH = YES;
				ONLY_ACTIVE_ARCH = YES;
				SDKROOT = iphoneos;
				SWIFT_ACTIVE_COMPILATION_CONDITIONS = DEBUG;
				SWIFT_OPTIMIZATION_LEVEL = "-Onone";
			};
			name = Debug;
		};
		5E54173221771EFD00732DB4 /* Release */ = {
			isa = XCBuildConfiguration;
			buildSettings = {
				ALWAYS_SEARCH_USER_PATHS = NO;
				CLANG_ANALYZER_NONNULL = YES;
				CLANG_ANALYZER_NUMBER_OBJECT_CONVERSION = YES_AGGRESSIVE;
				CLANG_CXX_LANGUAGE_STANDARD = "gnu++14";
				CLANG_CXX_LIBRARY = "libc++";
				CLANG_ENABLE_MODULES = YES;
				CLANG_ENABLE_OBJC_ARC = YES;
				CLANG_ENABLE_OBJC_WEAK = YES;
				CLANG_WARN_BLOCK_CAPTURE_AUTORELEASING = YES;
				CLANG_WARN_BOOL_CONVERSION = YES;
				CLANG_WARN_COMMA = YES;
				CLANG_WARN_CONSTANT_CONVERSION = YES;
				CLANG_WARN_DEPRECATED_OBJC_IMPLEMENTATIONS = YES;
				CLANG_WARN_DIRECT_OBJC_ISA_USAGE = YES_ERROR;
				CLANG_WARN_DOCUMENTATION_COMMENTS = YES;
				CLANG_WARN_EMPTY_BODY = YES;
				CLANG_WARN_ENUM_CONVERSION = YES;
				CLANG_WARN_INFINITE_RECURSION = YES;
				CLANG_WARN_INT_CONVERSION = YES;
				CLANG_WARN_NON_LITERAL_NULL_CONVERSION = YES;
				CLANG_WARN_OBJC_IMPLICIT_RETAIN_SELF = YES;
				CLANG_WARN_OBJC_LITERAL_CONVERSION = YES;
				CLANG_WARN_OBJC_ROOT_CLASS = YES_ERROR;
				CLANG_WARN_RANGE_LOOP_ANALYSIS = YES;
				CLANG_WARN_STRICT_PROTOTYPES = YES;
				CLANG_WARN_SUSPICIOUS_MOVE = YES;
				CLANG_WARN_UNGUARDED_AVAILABILITY = YES_AGGRESSIVE;
				CLANG_WARN_UNREACHABLE_CODE = YES;
				CLANG_WARN__DUPLICATE_METHOD_MATCH = YES;
				CODE_SIGN_IDENTITY = "iPhone Developer";
				COPY_PHASE_STRIP = NO;
				DEBUG_INFORMATION_FORMAT = "dwarf-with-dsym";
				ENABLE_NS_ASSERTIONS = NO;
				ENABLE_STRICT_OBJC_MSGSEND = YES;
				GCC_C_LANGUAGE_STANDARD = gnu11;
				GCC_NO_COMMON_BLOCKS = YES;
				GCC_WARN_64_TO_32_BIT_CONVERSION = YES;
				GCC_WARN_ABOUT_RETURN_TYPE = YES_ERROR;
				GCC_WARN_UNDECLARED_SELECTOR = YES;
				GCC_WARN_UNINITIALIZED_AUTOS = YES_AGGRESSIVE;
				GCC_WARN_UNUSED_FUNCTION = YES;
				GCC_WARN_UNUSED_VARIABLE = YES;
				IPHONEOS_DEPLOYMENT_TARGET = 12.0;
				MTL_ENABLE_DEBUG_INFO = NO;
				MTL_FAST_MATH = YES;
				SDKROOT = iphoneos;
				SWIFT_COMPILATION_MODE = wholemodule;
				SWIFT_OPTIMIZATION_LEVEL = "-O";
				VALIDATE_PRODUCT = YES;
			};
			name = Release;
		};
		5E54173421771EFD00732DB4 /* Debug */ = {
			isa = XCBuildConfiguration;
			buildSettings = {
				ASSETCATALOG_COMPILER_APPICON_NAME = AppIcon;
				CLANG_ENABLE_MODULES = YES;
				CODE_SIGN_STYLE = Automatic;
				DEVELOPMENT_TEAM = 6EMFL9A2M9;
				FRAMEWORK_SEARCH_PATHS = (
					"$(inherited)",
					"$(PROJECT_DIR)/CodeSet/Metal",
				);
				INFOPLIST_FILE = CodeSet/Info.plist;
				IPHONEOS_DEPLOYMENT_TARGET = 12.0;
				LD_RUNPATH_SEARCH_PATHS = (
					"$(inherited)",
					"@executable_path/Frameworks",
				);
				PRODUCT_BUNDLE_IDENTIFIER = LFZ.CodeSet;
				PRODUCT_NAME = "$(TARGET_NAME)";
				SWIFT_OBJC_BRIDGING_HEADER = "CodeSet/CodeSet-Bridging-Header.h";
				SWIFT_OPTIMIZATION_LEVEL = "-Onone";
				SWIFT_VERSION = 4.2;
				TARGETED_DEVICE_FAMILY = "1,2";
			};
			name = Debug;
		};
		5E54173521771EFD00732DB4 /* Release */ = {
			isa = XCBuildConfiguration;
			buildSettings = {
				ASSETCATALOG_COMPILER_APPICON_NAME = AppIcon;
				CLANG_ENABLE_MODULES = YES;
				CODE_SIGN_STYLE = Automatic;
				DEVELOPMENT_TEAM = 6EMFL9A2M9;
				FRAMEWORK_SEARCH_PATHS = (
					"$(inherited)",
					"$(PROJECT_DIR)/CodeSet/Metal",
				);
				INFOPLIST_FILE = CodeSet/Info.plist;
				IPHONEOS_DEPLOYMENT_TARGET = 12.0;
				LD_RUNPATH_SEARCH_PATHS = (
					"$(inherited)",
					"@executable_path/Frameworks",
				);
				PRODUCT_BUNDLE_IDENTIFIER = LFZ.CodeSet;
				PRODUCT_NAME = "$(TARGET_NAME)";
				SWIFT_OBJC_BRIDGING_HEADER = "CodeSet/CodeSet-Bridging-Header.h";
				SWIFT_VERSION = 4.2;
				TARGETED_DEVICE_FAMILY = "1,2";
			};
			name = Release;
		};
/* End XCBuildConfiguration section */

/* Begin XCConfigurationList section */
		5E54171C21771EFB00732DB4 /* Build configuration list for PBXProject "CodeSet" */ = {
			isa = XCConfigurationList;
			buildConfigurations = (
				5E54173121771EFD00732DB4 /* Debug */,
				5E54173221771EFD00732DB4 /* Release */,
			);
			defaultConfigurationIsVisible = 0;
			defaultConfigurationName = Release;
		};
		5E54173321771EFD00732DB4 /* Build configuration list for PBXNativeTarget "CodeSet" */ = {
			isa = XCConfigurationList;
			buildConfigurations = (
				5E54173421771EFD00732DB4 /* Debug */,
				5E54173521771EFD00732DB4 /* Release */,
			);
			defaultConfigurationIsVisible = 0;
			defaultConfigurationName = Release;
		};
/* End XCConfigurationList section */
	};
	rootObject = 5E54171921771EFB00732DB4 /* Project object */;
}
